
Microsoft Visual Studio Solution File, Format Version 12.00
# Visual Studio 15
VisualStudioVersion = 15.0.28010.2036
MinimumVisualStudioVersion = 10.0.40219.1
Project("{FAE04EC0-301F-11D3-BF4B-00C04F79EFBC}") = "GripsStore", "GripsStore\GripsStore.csproj", "{2FFAD96F-27AD-41C1-B2D3-AFBFC2961123}"
EndProject
Global
	GlobalSection(SolutionConfigurationPlatforms) = preSolution
		Debug|Any CPU = Debug|Any CPU
		Release|Any CPU = Release|Any CPU
	EndGlobalSection
	GlobalSection(ProjectConfigurationPlatforms) = postSolution
		{2FFAD96F-27AD-41C1-B2D3-AFBFC2961123}.Debug|Any CPU.ActiveCfg = Debug|Any CPU
		{2FFAD96F-27AD-41C1-B2D3-AFBFC2961123}.Debug|Any CPU.Build.0 = Debug|Any CPU
		{2FFAD96F-27AD-41C1-B2D3-AFBFC2961123}.Release|Any CPU.ActiveCfg = Release|Any CPU
		{2FFAD96F-27AD-41C1-B2D3-AFBFC2961123}.Release|Any CPU.Build.0 = Release|Any CPU
	EndGlobalSection
	GlobalSection(SolutionProperties) = preSolution
		HideSolutionNode = FALSE
	EndGlobalSection
	GlobalSection(ExtensibilityGlobals) = postSolution
		SolutionGuid = {3BDE45D0-CF6A-450E-9159-A2EB75465930}
	EndGlobalSection
EndGlobal
